
Microsoft Visual Studio Solution File, Format Version 12.00
# Visual Studio Version 16
VisualStudioVersion = 16.0.31129.286
MinimumVisualStudioVersion = 10.0.40219.1
Project("{FAE04EC0-301F-11D3-BF4B-00C04F79EFBC}") = "CC01Semestre2.Api", "CC01Semestre2.Api\CC01Semestre2.Api.csproj", "{24F0A145-A685-454C-B913-4912308E96FE}"
EndProject
Project("{FAE04EC0-301F-11D3-BF4B-00C04F79EFBC}") = "CC01Semestre2.Mobile.Android", "CC01Semestre2.Mobile\CC01Semestre2.Mobile.Android\CC01Semestre2.Mobile.Android.csproj", "{4B678E20-0F22-426F-ADFA-36C6DE587B81}"
EndProject
Project("{FAE04EC0-301F-11D3-BF4B-00C04F79EFBC}") = "CC01Semestre2.Mobile.iOS", "CC01Semestre2.Mobile\CC01Semestre2.Mobile.iOS\CC01Semestre2.Mobile.iOS.csproj", "{B0374810-5624-4C71-8966-6301DEF912B5}"
EndProject
Project("{FAE04EC0-301F-11D3-BF4B-00C04F79EFBC}") = "CC01Semestre2.Mobile", "CC01Semestre2.Mobile\CC01Semestre2.Mobile\CC01Semestre2.Mobile.csproj", "{04FC2B77-8E9A-4CE7-81B6-C77472FBC128}"
EndProject
Project("{FAE04EC0-301F-11D3-BF4B-00C04F79EFBC}") = "CC01Semestre2.Asp", "CC01Semestre2.Asp\CC01Semestre2.Asp.csproj", "{A9466DB7-9CFF-4D90-93E3-30565C22E066}"
EndProject
Global
	GlobalSection(SolutionConfigurationPlatforms) = preSolution
		Debug|Any CPU = Debug|Any CPU
		Debug|iPhone = Debug|iPhone
		Debug|iPhoneSimulator = Debug|iPhoneSimulator
		Release|Any CPU = Release|Any CPU
		Release|iPhone = Release|iPhone
		Release|iPhoneSimulator = Release|iPhoneSimulator
	EndGlobalSection
	GlobalSection(ProjectConfigurationPlatforms) = postSolution
		{24F0A145-A685-454C-B913-4912308E96FE}.Debug|Any CPU.ActiveCfg = Debug|Any CPU
		{24F0A145-A685-454C-B913-4912308E96FE}.Debug|Any CPU.Build.0 = Debug|Any CPU
		{24F0A145-A685-454C-B913-4912308E96FE}.Debug|iPhone.ActiveCfg = Debug|Any CPU
		{24F0A145-A685-454C-B913-4912308E96FE}.Debug|iPhone.Build.0 = Debug|Any CPU
		{24F0A145-A685-454C-B913-4912308E96FE}.Debug|iPhoneSimulator.ActiveCfg = Debug|Any CPU
		{24F0A145-A685-454C-B913-4912308E96FE}.Debug|iPhoneSimulator.Build.0 = Debug|Any CPU
		{24F0A145-A685-454C-B913-4912308E96FE}.Release|Any CPU.ActiveCfg = Release|Any CPU
		{24F0A145-A685-454C-B913-4912308E96FE}.Release|Any CPU.Build.0 = Release|Any CPU
		{24F0A145-A685-454C-B913-4912308E96FE}.Release|iPhone.ActiveCfg = Release|Any CPU
		{24F0A145-A685-454C-B913-4912308E96FE}.Release|iPhone.Build.0 = Release|Any CPU
		{24F0A145-A685-454C-B913-4912308E96FE}.Release|iPhoneSimulator.ActiveCfg = Release|Any CPU
		{24F0A145-A685-454C-B913-4912308E96FE}.Release|iPhoneSimulator.Build.0 = Release|Any CPU
		{4B678E20-0F22-426F-ADFA-36C6DE587B81}.Debug|Any CPU.ActiveCfg = Debug|Any CPU
		{4B678E20-0F22-426F-ADFA-36C6DE587B81}.Debug|Any CPU.Build.0 = Debug|Any CPU
		{4B678E20-0F22-426F-ADFA-36C6DE587B81}.Debug|Any CPU.Deploy.0 = Debug|Any CPU
		{4B678E20-0F22-426F-ADFA-36C6DE587B81}.Debug|iPhone.ActiveCfg = Debug|Any CPU
		{4B678E20-0F22-426F-ADFA-36C6DE587B81}.Debug|iPhone.Build.0 = Debug|Any CPU
		{4B678E20-0F22-426F-ADFA-36C6DE587B81}.Debug|iPhone.Deploy.0 = Debug|Any CPU
		{4B678E20-0F22-426F-ADFA-36C6DE587B81}.Debug|iPhoneSimulator.ActiveCfg = Debug|Any CPU
		{4B678E20-0F22-426F-ADFA-36C6DE587B81}.Debug|iPhoneSimulator.Build.0 = Debug|Any CPU
		{4B678E20-0F22-426F-ADFA-36C6DE587B81}.Debug|iPhoneSimulator.Deploy.0 = Debug|Any CPU
		{4B678E20-0F22-426F-ADFA-36C6DE587B81}.Release|Any CPU.ActiveCfg = Release|Any CPU
		{4B678E20-0F22-426F-ADFA-36C6DE587B81}.Release|Any CPU.Build.0 = Release|Any CPU
		{4B678E20-0F22-426F-ADFA-36C6DE587B81}.Release|Any CPU.Deploy.0 = Release|Any CPU
		{4B678E20-0F22-426F-ADFA-36C6DE587B81}.Release|iPhone.ActiveCfg = Release|Any CPU
		{4B678E20-0F22-426F-ADFA-36C6DE587B81}.Release|iPhone.Build.0 = Release|Any CPU
		{4B678E20-0F22-426F-ADFA-36C6DE587B81}.Release|iPhone.Deploy.0 = Release|Any CPU
		{4B678E20-0F22-426F-ADFA-36C6DE587B81}.Release|iPhoneSimulator.ActiveCfg = Release|Any CPU
		{4B678E20-0F22-426F-ADFA-36C6DE587B81}.Release|iPhoneSimulator.Build.0 = Release|Any CPU
		{4B678E20-0F22-426F-ADFA-36C6DE587B81}.Release|iPhoneSimulator.Deploy.0 = Release|Any CPU
		{B0374810-5624-4C71-8966-6301DEF912B5}.Debug|Any CPU.ActiveCfg = Debug|iPhoneSimulator
		{B0374810-5624-4C71-8966-6301DEF912B5}.Debug|iPhone.ActiveCfg = Debug|iPhone
		{B0374810-5624-4C71-8966-6301DEF912B5}.Debug|iPhone.Build.0 = Debug|iPhone
		{B0374810-5624-4C71-8966-6301DEF912B5}.Debug|iPhoneSimulator.ActiveCfg = Debug|iPhoneSimulator
		{B0374810-5624-4C71-8966-6301DEF912B5}.Debug|iPhoneSimulator.Build.0 = Debug|iPhoneSimulator
		{B0374810-5624-4C71-8966-6301DEF912B5}.Release|Any CPU.ActiveCfg = Release|iPhoneSimulator
		{B0374810-5624-4C71-8966-6301DEF912B5}.Release|iPhone.ActiveCfg = Release|iPhone
		{B0374810-5624-4C71-8966-6301DEF912B5}.Release|iPhone.Build.0 = Release|iPhone
		{B0374810-5624-4C71-8966-6301DEF912B5}.Release|iPhoneSimulator.ActiveCfg = Release|iPhoneSimulator
		{B0374810-5624-4C71-8966-6301DEF912B5}.Release|iPhoneSimulator.Build.0 = Release|iPhoneSimulator
		{04FC2B77-8E9A-4CE7-81B6-C77472FBC128}.Debug|Any CPU.ActiveCfg = Debug|Any CPU
		{04FC2B77-8E9A-4CE7-81B6-C77472FBC128}.Debug|Any CPU.Build.0 = Debug|Any CPU
		{04FC2B77-8E9A-4CE7-81B6-C77472FBC128}.Debug|iPhone.ActiveCfg = Debug|Any CPU
		{04FC2B77-8E9A-4CE7-81B6-C77472FBC128}.Debug|iPhone.Build.0 = Debug|Any CPU
		{04FC2B77-8E9A-4CE7-81B6-C77472FBC128}.Debug|iPhoneSimulator.ActiveCfg = Debug|Any CPU
		{04FC2B77-8E9A-4CE7-81B6-C77472FBC128}.Debug|iPhoneSimulator.Build.0 = Debug|Any CPU
		{04FC2B77-8E9A-4CE7-81B6-C77472FBC128}.Release|Any CPU.ActiveCfg = Release|Any CPU
		{04FC2B77-8E9A-4CE7-81B6-C77472FBC128}.Release|Any CPU.Build.0 = Release|Any CPU
		{04FC2B77-8E9A-4CE7-81B6-C77472FBC128}.Release|iPhone.ActiveCfg = Release|Any CPU
		{04FC2B77-8E9A-4CE7-81B6-C77472FBC128}.Release|iPhone.Build.0 = Release|Any CPU
		{04FC2B77-8E9A-4CE7-81B6-C77472FBC128}.Release|iPhoneSimulator.ActiveCfg = Release|Any CPU
		{04FC2B77-8E9A-4CE7-81B6-C77472FBC128}.Release|iPhoneSimulator.Build.0 = Release|Any CPU
		{A9466DB7-9CFF-4D90-93E3-30565C22E066}.Debug|Any CPU.ActiveCfg = Debug|Any CPU
		{A9466DB7-9CFF-4D90-93E3-30565C22E066}.Debug|Any CPU.Build.0 = Debug|Any CPU
		{A9466DB7-9CFF-4D90-93E3-30565C22E066}.Debug|iPhone.ActiveCfg = Debug|Any CPU
		{A9466DB7-9CFF-4D90-93E3-30565C22E066}.Debug|iPhone.Build.0 = Debug|Any CPU
		{A9466DB7-9CFF-4D90-93E3-30565C22E066}.Debug|iPhoneSimulator.ActiveCfg = Debug|Any CPU
		{A9466DB7-9CFF-4D90-93E3-30565C22E066}.Debug|iPhoneSimulator.Build.0 = Debug|Any CPU
		{A9466DB7-9CFF-4D90-93E3-30565C22E066}.Release|Any CPU.ActiveCfg = Release|Any CPU
		{A9466DB7-9CFF-4D90-93E3-30565C22E066}.Release|Any CPU.Build.0 = Release|Any CPU
		{A9466DB7-9CFF-4D90-93E3-30565C22E066}.Release|iPhone.ActiveCfg = Release|Any CPU
		{A9466DB7-9CFF-4D90-93E3-30565C22E066}.Release|iPhone.Build.0 = Release|Any CPU
		{A9466DB7-9CFF-4D90-93E3-30565C22E066}.Release|iPhoneSimulator.ActiveCfg = Release|Any CPU
		{A9466DB7-9CFF-4D90-93E3-30565C22E066}.Release|iPhoneSimulator.Build.0 = Release|Any CPU
	EndGlobalSection
	GlobalSection(SolutionProperties) = preSolution
		HideSolutionNode = FALSE
	EndGlobalSection
	GlobalSection(ExtensibilityGlobals) = postSolution
		SolutionGuid = {89B64979-8249-4A76-AA0F-DFF521162C0E}
	EndGlobalSection
EndGlobal
